# THIS IS AN AUTOGENERATED FILE. DO NOT EDIT THIS FILE DIRECTLY.
# yarn lockfile v1


draggabilly@^2.2.0:
  version "2.2.0"
  resolved "https://registry.yarnpkg.com/draggabilly/-/draggabilly-2.2.0.tgz#9bac6849816c5cd4e4a59707f63f14ea7d863baf"
  dependencies:
    get-size "^2.0.2"
    unidragger "^2.3.0"

ev-emitter@^1.0.1:
  version "1.1.1"
  resolved "https://registry.yarnpkg.com/ev-emitter/-/ev-emitter-1.1.1.tgz#8f18b0ce5c76a5d18017f71c0a795c65b9138f2a"

get-size@^2.0.2:
  version "2.0.3"
  resolved "https://registry.yarnpkg.com/get-size/-/get-size-2.0.3.tgz#54a1d0256b20ea7ac646516756202769941ad2ef"

unidragger@^2.3.0:
  version "2.3.0"
  resolved "https://registry.yarnpkg.com/unidragger/-/unidragger-2.3.0.tgz#ab9d9fd62106f3252d88fae5f3a99575e6d31d02"
  dependencies:
    unipointer "^2.3.0"

unipointer@^2.3.0:
  version "2.3.0"
  resolved "https://registry.yarnpkg.com/unipointer/-/unipointer-2.3.0.tgz#ba0dc462ce31c2a88e80810e19c3bae0ce47ed9f"
  dependencies:
    ev-emitter "^1.0.1"
